{
  "nodes": {
    "home-manager": {
      "inputs": {
        "nixpkgs": [
          "nixpkgs"
        ]
      },
      "locked": {
        "lastModified": 1758463745,
        "narHash": "sha256-uhzsV0Q0I9j2y/rfweWeGif5AWe0MGrgZ/3TjpDYdGA=",
        "owner": "nix-community",
        "repo": "home-manager",
        "rev": "3b955f5f0a942f9f60cdc9cacb7844335d0f21c3",
        "type": "github"
      },
      "original": {
        "owner": "nix-community",
        "ref": "release-25.05",
        "repo": "home-manager",
        "type": "github"
      }
    },
    "nixpkgs": {
      "locked": {
        "lastModified": 1759735786,
        "narHash": "sha256-a0+h02lyP2KwSNrZz4wLJTu9ikujNsTWIC874Bv7IJ0=",
        "owner": "nixos",
        "repo": "nixpkgs",
        "rev": "20c4598c84a671783f741e02bf05cbfaf4907cff",
        "type": "github"
      },
      "original": {
        "owner": "nixos",
        "ref": "nixos-25.05",
        "repo": "nixpkgs",
        "type": "github"
      }
    },
    "root": {
      "inputs": {
        "home-manager": "home-manager",
        "nixpkgs": "nixpkgs",
        "rust-overlay": "rust-overlay",
        "spacemacs": "spacemacs"
      }
    },
    "rust-overlay": {
      "inputs": {
        "nixpkgs": [
          "nixpkgs"
        ]
      },
      "locked": {
        "lastModified": 1759804383,
        "narHash": "sha256-jPz0K8xsT2eNSratkw8bfPwSlTuOXGeUvz+bd9wq/vY=",
        "owner": "oxalica",
        "repo": "rust-overlay",
        "rev": "dec08d5dfeca099b0058f0cc61264b04f33db42c",
        "type": "github"
      },
      "original": {
        "owner": "oxalica",
        "repo": "rust-overlay",
        "type": "github"
      }
    },
    "spacemacs": {
      "flake": false,
      "locked": {
        "lastModified": 1663443599,
        "narHash": "sha256-DEKvlFi2927oGfaxnhCWd7AYU0TD8yyaWg4I+Fx+8V0=",
        "owner": "syl20bnr",
        "repo": "spacemacs",
        "rev": "491e17ba9cdcb253a3292a3049abb8767c91b9bb",
        "type": "github"
      },
      "original": {
        "owner": "syl20bnr",
        "ref": "master",
        "repo": "spacemacs",
        "type": "github"
      }
    }
  },
  "root": "root",
  "version": 7
}
